
Microsoft Visual Studio Solution File, Format Version 12.00
# Visual Studio Version 16
VisualStudioVersion = 16.0.33927.289
MinimumVisualStudioVersion = 10.0.40219.1
Project("{2150E333-8FDC-42A3-9474-1A3956D46DE8}") = "Task0", "Task0", "{DF82BF24-6D80-4D86-AFFC-5CEBDA474B1C}"
EndProject
Project("{FAE04EC0-301F-11D3-BF4B-00C04F79EFBC}") = "Tyuiu.PyanzinaMA.Sprint5.Task0.V23", "Tyuiu.PyanzinaMA.Sprint5.Task0.V23\Tyuiu.PyanzinaMA.Sprint5.Task0.V23.csproj", "{232A7D2D-FC52-4E33-804E-2997D97F5EC2}"
EndProject
Project("{FAE04EC0-301F-11D3-BF4B-00C04F79EFBC}") = "Tyuiu.PyanzinaMA.Sprint5.Task0.V23.Lib", "Tyuiu.PyanzinaMA.Sprint5.Task0.V23.Lib\Tyuiu.PyanzinaMA.Sprint5.Task0.V23.Lib.csproj", "{152AC8B0-96FB-48AF-8D8A-B3A2DDD1DBE2}"
EndProject
Project("{FAE04EC0-301F-11D3-BF4B-00C04F79EFBC}") = "Tyuiu.PyanzinaMA.Sprint5.Task0.V23.Test", "Tyuiu.PyanzinaMA.Sprint5.Task0.V23.Test\Tyuiu.PyanzinaMA.Sprint5.Task0.V23.Test.csproj", "{79B9268B-3AE9-4D8E-A299-AFEE196A3077}"
EndProject
Project("{2150E333-8FDC-42A3-9474-1A3956D46DE8}") = "Task1", "Task1", "{3FE086C6-C78D-4CD3-A367-1D30ABCFEE37}"
EndProject
Project("{FAE04EC0-301F-11D3-BF4B-00C04F79EFBC}") = "Tyuiu.PyanzinaMA.Sprint5.Task1.V13", "Tyuiu.PyanzinaMA.Sprint5.Task1.V13\Tyuiu.PyanzinaMA.Sprint5.Task1.V13.csproj", "{572B67DA-36A8-44F0-BD51-3DEE1362559D}"
EndProject
Project("{FAE04EC0-301F-11D3-BF4B-00C04F79EFBC}") = "Tyuiu.PyanzinaMA.Sprint5.Task1.V13.Lib", "Tyuiu.PyanzinaMA.Sprint5.Task1.V13.Lib\Tyuiu.PyanzinaMA.Sprint5.Task1.V13.Lib.csproj", "{7E94DCD2-3DFC-42B1-AAB2-BE4F722C8AD9}"
EndProject
Project("{FAE04EC0-301F-11D3-BF4B-00C04F79EFBC}") = "Tyuiu.PyanzinaMA.Sprint5.Task1.V13.Test", "Tyuiu.PyanzinaMA.Sprint5.Task1.V13.Test\Tyuiu.PyanzinaMA.Sprint5.Task1.V13.Test.csproj", "{B22D9F49-68B7-47EF-9252-86F0EC7D93D5}"
EndProject
Project("{2150E333-8FDC-42A3-9474-1A3956D46DE8}") = "Task2", "Task2", "{A79D97A0-69ED-496F-BB0C-5DBF06C05493}"
EndProject
Project("{FAE04EC0-301F-11D3-BF4B-00C04F79EFBC}") = "Tyuiu.PyanzinaMA.Sprint5.Task2.V22", "Tyuiu.PyanzinaMA.Sprint5.Task2.V22\Tyuiu.PyanzinaMA.Sprint5.Task2.V22.csproj", "{5D2BD235-ED80-409F-9DF8-29DCACEF1DBD}"
EndProject
Project("{FAE04EC0-301F-11D3-BF4B-00C04F79EFBC}") = "Tyuiu.PyanzinaMA.Sprint5.Task2.V22.Lib", "Tyuiu.PyanzinaMA.Sprint5.Task2.V22.Lib\Tyuiu.PyanzinaMA.Sprint5.Task2.V22.Lib.csproj", "{344CC130-C588-4E34-89C3-24B15939765A}"
EndProject
Project("{FAE04EC0-301F-11D3-BF4B-00C04F79EFBC}") = "Tyuiu.PyanzinaMA.Sprint5.Task2.V22.Test", "Tyuiu.PyanzinaMA.Sprint5.Task2.V22.Test\Tyuiu.PyanzinaMA.Sprint5.Task2.V22.Test.csproj", "{640709D8-9CA7-4233-B429-F5F3F1DCCD67}"
EndProject
Global
	GlobalSection(SolutionConfigurationPlatforms) = preSolution
		Debug|Any CPU = Debug|Any CPU
		Release|Any CPU = Release|Any CPU
	EndGlobalSection
	GlobalSection(ProjectConfigurationPlatforms) = postSolution
		{232A7D2D-FC52-4E33-804E-2997D97F5EC2}.Debug|Any CPU.ActiveCfg = Debug|Any CPU
		{232A7D2D-FC52-4E33-804E-2997D97F5EC2}.Debug|Any CPU.Build.0 = Debug|Any CPU
		{232A7D2D-FC52-4E33-804E-2997D97F5EC2}.Release|Any CPU.ActiveCfg = Release|Any CPU
		{232A7D2D-FC52-4E33-804E-2997D97F5EC2}.Release|Any CPU.Build.0 = Release|Any CPU
		{152AC8B0-96FB-48AF-8D8A-B3A2DDD1DBE2}.Debug|Any CPU.ActiveCfg = Debug|Any CPU
		{152AC8B0-96FB-48AF-8D8A-B3A2DDD1DBE2}.Debug|Any CPU.Build.0 = Debug|Any CPU
		{152AC8B0-96FB-48AF-8D8A-B3A2DDD1DBE2}.Release|Any CPU.ActiveCfg = Release|Any CPU
		{152AC8B0-96FB-48AF-8D8A-B3A2DDD1DBE2}.Release|Any CPU.Build.0 = Release|Any CPU
		{79B9268B-3AE9-4D8E-A299-AFEE196A3077}.Debug|Any CPU.ActiveCfg = Debug|Any CPU
		{79B9268B-3AE9-4D8E-A299-AFEE196A3077}.Debug|Any CPU.Build.0 = Debug|Any CPU
		{79B9268B-3AE9-4D8E-A299-AFEE196A3077}.Release|Any CPU.ActiveCfg = Release|Any CPU
		{79B9268B-3AE9-4D8E-A299-AFEE196A3077}.Release|Any CPU.Build.0 = Release|Any CPU
		{572B67DA-36A8-44F0-BD51-3DEE1362559D}.Debug|Any CPU.ActiveCfg = Debug|Any CPU
		{572B67DA-36A8-44F0-BD51-3DEE1362559D}.Debug|Any CPU.Build.0 = Debug|Any CPU
		{572B67DA-36A8-44F0-BD51-3DEE1362559D}.Release|Any CPU.ActiveCfg = Release|Any CPU
		{572B67DA-36A8-44F0-BD51-3DEE1362559D}.Release|Any CPU.Build.0 = Release|Any CPU
		{7E94DCD2-3DFC-42B1-AAB2-BE4F722C8AD9}.Debug|Any CPU.ActiveCfg = Debug|Any CPU
		{7E94DCD2-3DFC-42B1-AAB2-BE4F722C8AD9}.Debug|Any CPU.Build.0 = Debug|Any CPU
		{7E94DCD2-3DFC-42B1-AAB2-BE4F722C8AD9}.Release|Any CPU.ActiveCfg = Release|Any CPU
		{7E94DCD2-3DFC-42B1-AAB2-BE4F722C8AD9}.Release|Any CPU.Build.0 = Release|Any CPU
		{B22D9F49-68B7-47EF-9252-86F0EC7D93D5}.Debug|Any CPU.ActiveCfg = Debug|Any CPU
		{B22D9F49-68B7-47EF-9252-86F0EC7D93D5}.Debug|Any CPU.Build.0 = Debug|Any CPU
		{B22D9F49-68B7-47EF-9252-86F0EC7D93D5}.Release|Any CPU.ActiveCfg = Release|Any CPU
		{B22D9F49-68B7-47EF-9252-86F0EC7D93D5}.Release|Any CPU.Build.0 = Release|Any CPU
		{5D2BD235-ED80-409F-9DF8-29DCACEF1DBD}.Debug|Any CPU.ActiveCfg = Debug|Any CPU
		{5D2BD235-ED80-409F-9DF8-29DCACEF1DBD}.Debug|Any CPU.Build.0 = Debug|Any CPU
		{5D2BD235-ED80-409F-9DF8-29DCACEF1DBD}.Release|Any CPU.ActiveCfg = Release|Any CPU
		{5D2BD235-ED80-409F-9DF8-29DCACEF1DBD}.Release|Any CPU.Build.0 = Release|Any CPU
		{344CC130-C588-4E34-89C3-24B15939765A}.Debug|Any CPU.ActiveCfg = Debug|Any CPU
		{344CC130-C588-4E34-89C3-24B15939765A}.Debug|Any CPU.Build.0 = Debug|Any CPU
		{344CC130-C588-4E34-89C3-24B15939765A}.Release|Any CPU.ActiveCfg = Release|Any CPU
		{344CC130-C588-4E34-89C3-24B15939765A}.Release|Any CPU.Build.0 = Release|Any CPU
		{640709D8-9CA7-4233-B429-F5F3F1DCCD67}.Debug|Any CPU.ActiveCfg = Debug|Any CPU
		{640709D8-9CA7-4233-B429-F5F3F1DCCD67}.Debug|Any CPU.Build.0 = Debug|Any CPU
		{640709D8-9CA7-4233-B429-F5F3F1DCCD67}.Release|Any CPU.ActiveCfg = Release|Any CPU
		{640709D8-9CA7-4233-B429-F5F3F1DCCD67}.Release|Any CPU.Build.0 = Release|Any CPU
	EndGlobalSection
	GlobalSection(SolutionProperties) = preSolution
		HideSolutionNode = FALSE
	EndGlobalSection
	GlobalSection(NestedProjects) = preSolution
		{232A7D2D-FC52-4E33-804E-2997D97F5EC2} = {DF82BF24-6D80-4D86-AFFC-5CEBDA474B1C}
		{152AC8B0-96FB-48AF-8D8A-B3A2DDD1DBE2} = {DF82BF24-6D80-4D86-AFFC-5CEBDA474B1C}
		{79B9268B-3AE9-4D8E-A299-AFEE196A3077} = {DF82BF24-6D80-4D86-AFFC-5CEBDA474B1C}
		{572B67DA-36A8-44F0-BD51-3DEE1362559D} = {3FE086C6-C78D-4CD3-A367-1D30ABCFEE37}
		{7E94DCD2-3DFC-42B1-AAB2-BE4F722C8AD9} = {3FE086C6-C78D-4CD3-A367-1D30ABCFEE37}
		{B22D9F49-68B7-47EF-9252-86F0EC7D93D5} = {3FE086C6-C78D-4CD3-A367-1D30ABCFEE37}
		{5D2BD235-ED80-409F-9DF8-29DCACEF1DBD} = {A79D97A0-69ED-496F-BB0C-5DBF06C05493}
		{344CC130-C588-4E34-89C3-24B15939765A} = {A79D97A0-69ED-496F-BB0C-5DBF06C05493}
		{640709D8-9CA7-4233-B429-F5F3F1DCCD67} = {A79D97A0-69ED-496F-BB0C-5DBF06C05493}
	EndGlobalSection
	GlobalSection(ExtensibilityGlobals) = postSolution
		SolutionGuid = {D077DC6D-5095-450B-A72C-200AD40F9C42}
	EndGlobalSection
EndGlobal
