
Microsoft Visual Studio Solution File, Format Version 12.00
# Visual Studio Version 16
VisualStudioVersion = 16.0.33927.289
MinimumVisualStudioVersion = 10.0.40219.1
Project("{2150E333-8FDC-42A3-9474-1A3956D46DE8}") = "Task0", "Task0", "{DF82BF24-6D80-4D86-AFFC-5CEBDA474B1C}"
EndProject
Project("{FAE04EC0-301F-11D3-BF4B-00C04F79EFBC}") = "Tyuiu.PyanzinaMA.Sprint5.Task0.V23", "Tyuiu.PyanzinaMA.Sprint5.Task0.V23\Tyuiu.PyanzinaMA.Sprint5.Task0.V23.csproj", "{232A7D2D-FC52-4E33-804E-2997D97F5EC2}"
EndProject
Project("{FAE04EC0-301F-11D3-BF4B-00C04F79EFBC}") = "Tyuiu.PyanzinaMA.Sprint5.Task0.V23.Lib", "Tyuiu.PyanzinaMA.Sprint5.Task0.V23.Lib\Tyuiu.PyanzinaMA.Sprint5.Task0.V23.Lib.csproj", "{152AC8B0-96FB-48AF-8D8A-B3A2DDD1DBE2}"
EndProject
Project("{FAE04EC0-301F-11D3-BF4B-00C04F79EFBC}") = "Tyuiu.PyanzinaMA.Sprint5.Task0.V23.Test", "Tyuiu.PyanzinaMA.Sprint5.Task0.V23.Test\Tyuiu.PyanzinaMA.Sprint5.Task0.V23.Test.csproj", "{79B9268B-3AE9-4D8E-A299-AFEE196A3077}"
EndProject
Project("{2150E333-8FDC-42A3-9474-1A3956D46DE8}") = "Task1", "Task1", "{3FE086C6-C78D-4CD3-A367-1D30ABCFEE37}"
EndProject
Project("{FAE04EC0-301F-11D3-BF4B-00C04F79EFBC}") = "Tyuiu.PyanzinaMA.Sprint5.Task1.V13", "Tyuiu.PyanzinaMA.Sprint5.Task1.V13\Tyuiu.PyanzinaMA.Sprint5.Task1.V13.csproj", "{572B67DA-36A8-44F0-BD51-3DEE1362559D}"
EndProject
Project("{FAE04EC0-301F-11D3-BF4B-00C04F79EFBC}") = "Tyuiu.PyanzinaMA.Sprint5.Task1.V13.Lib", "Tyuiu.PyanzinaMA.Sprint5.Task1.V13.Lib\Tyuiu.PyanzinaMA.Sprint5.Task1.V13.Lib.csproj", "{7E94DCD2-3DFC-42B1-AAB2-BE4F722C8AD9}"
EndProject
Project("{FAE04EC0-301F-11D3-BF4B-00C04F79EFBC}") = "Tyuiu.PyanzinaMA.Sprint5.Task1.V13.Test", "Tyuiu.PyanzinaMA.Sprint5.Task1.V13.Test\Tyuiu.PyanzinaMA.Sprint5.Task1.V13.Test.csproj", "{B22D9F49-68B7-47EF-9252-86F0EC7D93D5}"
EndProject
Project("{2150E333-8FDC-42A3-9474-1A3956D46DE8}") = "Task2", "Task2", "{A79D97A0-69ED-496F-BB0C-5DBF06C05493}"
EndProject
Project("{FAE04EC0-301F-11D3-BF4B-00C04F79EFBC}") = "Tyuiu.PyanzinaMA.Sprint5.Task2.V22", "Tyuiu.PyanzinaMA.Sprint5.Task2.V22\Tyuiu.PyanzinaMA.Sprint5.Task2.V22.csproj", "{5D2BD235-ED80-409F-9DF8-29DCACEF1DBD}"
EndProject
Project("{FAE04EC0-301F-11D3-BF4B-00C04F79EFBC}") = "Tyuiu.PyanzinaMA.Sprint5.Task2.V22.Lib", "Tyuiu.PyanzinaMA.Sprint5.Task2.V22.Lib\Tyuiu.PyanzinaMA.Sprint5.Task2.V22.Lib.csproj", "{344CC130-C588-4E34-89C3-24B15939765A}"
EndProject
Project("{FAE04EC0-301F-11D3-BF4B-00C04F79EFBC}") = "Tyuiu.PyanzinaMA.Sprint5.Task2.V22.Test", "Tyuiu.PyanzinaMA.Sprint5.Task2.V22.Test\Tyuiu.PyanzinaMA.Sprint5.Task2.V22.Test.csproj", "{640709D8-9CA7-4233-B429-F5F3F1DCCD67}"
EndProject
Project("{2150E333-8FDC-42A3-9474-1A3956D46DE8}") = "Task3", "Task3", "{3C1856B0-CA96-49F2-8DF2-3342ACF76F84}"
EndProject
Project("{FAE04EC0-301F-11D3-BF4B-00C04F79EFBC}") = "Tyuiu.PyanzinaMA.Sprint5.Task3.V19.Lib", "Tyuiu.PyanzinaMA.Sprint5.Task3.V19.Lib\Tyuiu.PyanzinaMA.Sprint5.Task3.V19.Lib.csproj", "{AE6B1257-7401-49A6-9376-DB814A1CC273}"
EndProject
Project("{FAE04EC0-301F-11D3-BF4B-00C04F79EFBC}") = "Tyuiu.PyanzinaMA.Sprint5.Task3.V19.Test", "Tyuiu.PyanzinaMA.Sprint5.Task3.V19.Test\Tyuiu.PyanzinaMA.Sprint5.Task3.V19.Test.csproj", "{54CDF706-E44D-4CBB-BA3E-4709123A6560}"
EndProject
Project("{FAE04EC0-301F-11D3-BF4B-00C04F79EFBC}") = "Tyuiu.PyanzinaMA.Sprint5.Task3.V19", "Tyuiu.PyanzinaMA.Sprint5.Task3.V19\Tyuiu.PyanzinaMA.Sprint5.Task3.V19.csproj", "{A427A068-1188-4B1E-8D96-13D96360B312}"
EndProject
Project("{2150E333-8FDC-42A3-9474-1A3956D46DE8}") = "Task4", "Task4", "{4022B560-A85D-4B08-8E0F-0259DEB08B5A}"
EndProject
Project("{FAE04EC0-301F-11D3-BF4B-00C04F79EFBC}") = "Tyuiu.PyanzinaMA.Sprint5.Task4.V14", "Tyuiu.PyanzinaMA.Sprint5.Task4.V14\Tyuiu.PyanzinaMA.Sprint5.Task4.V14.csproj", "{9626F097-DAA6-44FB-8729-C7878D0D926B}"
EndProject
Project("{FAE04EC0-301F-11D3-BF4B-00C04F79EFBC}") = "Tyuiu.PyanzinaMA.Sprint5.Task4.V14.Test", "Tyuiu.PyanzinaMA.Sprint5.Task4.V14.Test\Tyuiu.PyanzinaMA.Sprint5.Task4.V14.Test.csproj", "{D0EB81D3-0949-46E0-8E89-79D3113CDE34}"
EndProject
Project("{FAE04EC0-301F-11D3-BF4B-00C04F79EFBC}") = "Tyuiu.PyanzinaMA.Sprint5.Task4.V14.Lib", "Tyuiu.PyanzinaMA.Sprint5.Task4.V14.Lib\Tyuiu.PyanzinaMA.Sprint5.Task4.V14.Lib.csproj", "{A99B2C94-A324-4094-9E1F-92F5910F1394}"
EndProject
Project("{2150E333-8FDC-42A3-9474-1A3956D46DE8}") = "Task5", "Task5", "{7655F1D6-E5DC-4427-BD8B-9B5DD58FF6F1}"
EndProject
Project("{FAE04EC0-301F-11D3-BF4B-00C04F79EFBC}") = "Tyuiu.PyanzinaMA.Sprint5.Task5.V20.Lib", "Tyuiu.PyanzinaMA.Sprint5.Task5.V20.Lib\Tyuiu.PyanzinaMA.Sprint5.Task5.V20.Lib.csproj", "{D954073D-C883-46F5-8447-343CED57C82F}"
EndProject
Project("{FAE04EC0-301F-11D3-BF4B-00C04F79EFBC}") = "Tyuiu.PyanzinaMA.Sprint5.Task5.V20.Test", "Tyuiu.PyanzinaMA.Sprint5.Task5.V20.Test\Tyuiu.PyanzinaMA.Sprint5.Task5.V20.Test.csproj", "{FC0098BD-99EC-434F-A871-347CEA7D1135}"
EndProject
Project("{FAE04EC0-301F-11D3-BF4B-00C04F79EFBC}") = "Tyuiu.PyanzinaMA.Sprint5.Task5.V20", "Tyuiu.PyanzinaMA.Sprint5.Task5.V20\Tyuiu.PyanzinaMA.Sprint5.Task5.V20.csproj", "{E5B201C4-A667-4676-9657-9ABFD2D4DF41}"
EndProject
Project("{2150E333-8FDC-42A3-9474-1A3956D46DE8}") = "Task6", "Task6", "{7D0379AF-83E7-4884-A012-71CF3304304A}"
EndProject
Project("{FAE04EC0-301F-11D3-BF4B-00C04F79EFBC}") = "Tyuiu.PyanzinaMA.Sprint5.Task6.V23.Lib", "Tyuiu.PyanzinaMA.Sprint5.Task6.V23.Lib\Tyuiu.PyanzinaMA.Sprint5.Task6.V23.Lib.csproj", "{99EA51C4-D4E1-4D19-ADC0-4A8889C85BE7}"
EndProject
Project("{FAE04EC0-301F-11D3-BF4B-00C04F79EFBC}") = "Tyuiu.PyanzinaMA.Sprint5.Task6.V23", "Tyuiu.PyanzinaMA.Sprint5.Task6.V23\Tyuiu.PyanzinaMA.Sprint5.Task6.V23.csproj", "{3426FB54-F5A8-43E6-85EC-EB3E93C869ED}"
EndProject
Project("{FAE04EC0-301F-11D3-BF4B-00C04F79EFBC}") = "Tyuiu.PyanzinaMA.Sprint5.Task6.V23.Test", "Tyuiu.PyanzinaMA.Sprint5.Task6.V23.Test\Tyuiu.PyanzinaMA.Sprint5.Task6.V23.Test.csproj", "{C7C6A50E-A7E5-41B6-A833-55AA5F19D592}"
EndProject
Project("{2150E333-8FDC-42A3-9474-1A3956D46DE8}") = "Task7", "Task7", "{B87AE1EA-C1F1-4475-A18B-2462E3FA9737}"
EndProject
Project("{FAE04EC0-301F-11D3-BF4B-00C04F79EFBC}") = "Tyuiu.PyanzinaMA.Sprint5.Task7.V1.Test", "Tyuiu.PyanzinaMA.Sprint5.Task7.V1.Test\Tyuiu.PyanzinaMA.Sprint5.Task7.V1.Test.csproj", "{B5587078-1572-49CD-B1DE-4E2757D36360}"
EndProject
Project("{FAE04EC0-301F-11D3-BF4B-00C04F79EFBC}") = "Tyuiu.PyanzinaMA.Sprint5.Task7.V1", "Tyuiu.PyanzinaMA.Sprint5.Task7.V1\Tyuiu.PyanzinaMA.Sprint5.Task7.V1.csproj", "{AB038629-A920-4D44-BA7B-95363B502872}"
EndProject
Project("{FAE04EC0-301F-11D3-BF4B-00C04F79EFBC}") = "Tyuiu.PyanzinaMA.Sprint5.Task7.V1.Lib", "Tyuiu.PyanzinaMA.Sprint5.Task7.V1.Lib\Tyuiu.PyanzinaMA.Sprint5.Task7.V1.Lib.csproj", "{1DA8F86C-8D55-4EC8-B635-0AAD6CF5383B}"
EndProject
Global
	GlobalSection(SolutionConfigurationPlatforms) = preSolution
		Debug|Any CPU = Debug|Any CPU
		Release|Any CPU = Release|Any CPU
	EndGlobalSection
	GlobalSection(ProjectConfigurationPlatforms) = postSolution
		{232A7D2D-FC52-4E33-804E-2997D97F5EC2}.Debug|Any CPU.ActiveCfg = Debug|Any CPU
		{232A7D2D-FC52-4E33-804E-2997D97F5EC2}.Debug|Any CPU.Build.0 = Debug|Any CPU
		{232A7D2D-FC52-4E33-804E-2997D97F5EC2}.Release|Any CPU.ActiveCfg = Release|Any CPU
		{232A7D2D-FC52-4E33-804E-2997D97F5EC2}.Release|Any CPU.Build.0 = Release|Any CPU
		{152AC8B0-96FB-48AF-8D8A-B3A2DDD1DBE2}.Debug|Any CPU.ActiveCfg = Debug|Any CPU
		{152AC8B0-96FB-48AF-8D8A-B3A2DDD1DBE2}.Debug|Any CPU.Build.0 = Debug|Any CPU
		{152AC8B0-96FB-48AF-8D8A-B3A2DDD1DBE2}.Release|Any CPU.ActiveCfg = Release|Any CPU
		{152AC8B0-96FB-48AF-8D8A-B3A2DDD1DBE2}.Release|Any CPU.Build.0 = Release|Any CPU
		{79B9268B-3AE9-4D8E-A299-AFEE196A3077}.Debug|Any CPU.ActiveCfg = Debug|Any CPU
		{79B9268B-3AE9-4D8E-A299-AFEE196A3077}.Debug|Any CPU.Build.0 = Debug|Any CPU
		{79B9268B-3AE9-4D8E-A299-AFEE196A3077}.Release|Any CPU.ActiveCfg = Release|Any CPU
		{79B9268B-3AE9-4D8E-A299-AFEE196A3077}.Release|Any CPU.Build.0 = Release|Any CPU
		{572B67DA-36A8-44F0-BD51-3DEE1362559D}.Debug|Any CPU.ActiveCfg = Debug|Any CPU
		{572B67DA-36A8-44F0-BD51-3DEE1362559D}.Debug|Any CPU.Build.0 = Debug|Any CPU
		{572B67DA-36A8-44F0-BD51-3DEE1362559D}.Release|Any CPU.ActiveCfg = Release|Any CPU
		{572B67DA-36A8-44F0-BD51-3DEE1362559D}.Release|Any CPU.Build.0 = Release|Any CPU
		{7E94DCD2-3DFC-42B1-AAB2-BE4F722C8AD9}.Debug|Any CPU.ActiveCfg = Debug|Any CPU
		{7E94DCD2-3DFC-42B1-AAB2-BE4F722C8AD9}.Debug|Any CPU.Build.0 = Debug|Any CPU
		{7E94DCD2-3DFC-42B1-AAB2-BE4F722C8AD9}.Release|Any CPU.ActiveCfg = Release|Any CPU
		{7E94DCD2-3DFC-42B1-AAB2-BE4F722C8AD9}.Release|Any CPU.Build.0 = Release|Any CPU
		{B22D9F49-68B7-47EF-9252-86F0EC7D93D5}.Debug|Any CPU.ActiveCfg = Debug|Any CPU
		{B22D9F49-68B7-47EF-9252-86F0EC7D93D5}.Debug|Any CPU.Build.0 = Debug|Any CPU
		{B22D9F49-68B7-47EF-9252-86F0EC7D93D5}.Release|Any CPU.ActiveCfg = Release|Any CPU
		{B22D9F49-68B7-47EF-9252-86F0EC7D93D5}.Release|Any CPU.Build.0 = Release|Any CPU
		{5D2BD235-ED80-409F-9DF8-29DCACEF1DBD}.Debug|Any CPU.ActiveCfg = Debug|Any CPU
		{5D2BD235-ED80-409F-9DF8-29DCACEF1DBD}.Debug|Any CPU.Build.0 = Debug|Any CPU
		{5D2BD235-ED80-409F-9DF8-29DCACEF1DBD}.Release|Any CPU.ActiveCfg = Release|Any CPU
		{5D2BD235-ED80-409F-9DF8-29DCACEF1DBD}.Release|Any CPU.Build.0 = Release|Any CPU
		{344CC130-C588-4E34-89C3-24B15939765A}.Debug|Any CPU.ActiveCfg = Debug|Any CPU
		{344CC130-C588-4E34-89C3-24B15939765A}.Debug|Any CPU.Build.0 = Debug|Any CPU
		{344CC130-C588-4E34-89C3-24B15939765A}.Release|Any CPU.ActiveCfg = Release|Any CPU
		{344CC130-C588-4E34-89C3-24B15939765A}.Release|Any CPU.Build.0 = Release|Any CPU
		{640709D8-9CA7-4233-B429-F5F3F1DCCD67}.Debug|Any CPU.ActiveCfg = Debug|Any CPU
		{640709D8-9CA7-4233-B429-F5F3F1DCCD67}.Debug|Any CPU.Build.0 = Debug|Any CPU
		{640709D8-9CA7-4233-B429-F5F3F1DCCD67}.Release|Any CPU.ActiveCfg = Release|Any CPU
		{640709D8-9CA7-4233-B429-F5F3F1DCCD67}.Release|Any CPU.Build.0 = Release|Any CPU
		{AE6B1257-7401-49A6-9376-DB814A1CC273}.Debug|Any CPU.ActiveCfg = Debug|Any CPU
		{AE6B1257-7401-49A6-9376-DB814A1CC273}.Debug|Any CPU.Build.0 = Debug|Any CPU
		{AE6B1257-7401-49A6-9376-DB814A1CC273}.Release|Any CPU.ActiveCfg = Release|Any CPU
		{AE6B1257-7401-49A6-9376-DB814A1CC273}.Release|Any CPU.Build.0 = Release|Any CPU
		{54CDF706-E44D-4CBB-BA3E-4709123A6560}.Debug|Any CPU.ActiveCfg = Debug|Any CPU
		{54CDF706-E44D-4CBB-BA3E-4709123A6560}.Debug|Any CPU.Build.0 = Debug|Any CPU
		{54CDF706-E44D-4CBB-BA3E-4709123A6560}.Release|Any CPU.ActiveCfg = Release|Any CPU
		{54CDF706-E44D-4CBB-BA3E-4709123A6560}.Release|Any CPU.Build.0 = Release|Any CPU
		{A427A068-1188-4B1E-8D96-13D96360B312}.Debug|Any CPU.ActiveCfg = Debug|Any CPU
		{A427A068-1188-4B1E-8D96-13D96360B312}.Debug|Any CPU.Build.0 = Debug|Any CPU
		{A427A068-1188-4B1E-8D96-13D96360B312}.Release|Any CPU.ActiveCfg = Release|Any CPU
		{A427A068-1188-4B1E-8D96-13D96360B312}.Release|Any CPU.Build.0 = Release|Any CPU
		{9626F097-DAA6-44FB-8729-C7878D0D926B}.Debug|Any CPU.ActiveCfg = Debug|Any CPU
		{9626F097-DAA6-44FB-8729-C7878D0D926B}.Debug|Any CPU.Build.0 = Debug|Any CPU
		{9626F097-DAA6-44FB-8729-C7878D0D926B}.Release|Any CPU.ActiveCfg = Release|Any CPU
		{9626F097-DAA6-44FB-8729-C7878D0D926B}.Release|Any CPU.Build.0 = Release|Any CPU
		{D0EB81D3-0949-46E0-8E89-79D3113CDE34}.Debug|Any CPU.ActiveCfg = Debug|Any CPU
		{D0EB81D3-0949-46E0-8E89-79D3113CDE34}.Debug|Any CPU.Build.0 = Debug|Any CPU
		{D0EB81D3-0949-46E0-8E89-79D3113CDE34}.Release|Any CPU.ActiveCfg = Release|Any CPU
		{D0EB81D3-0949-46E0-8E89-79D3113CDE34}.Release|Any CPU.Build.0 = Release|Any CPU
		{A99B2C94-A324-4094-9E1F-92F5910F1394}.Debug|Any CPU.ActiveCfg = Debug|Any CPU
		{A99B2C94-A324-4094-9E1F-92F5910F1394}.Debug|Any CPU.Build.0 = Debug|Any CPU
		{A99B2C94-A324-4094-9E1F-92F5910F1394}.Release|Any CPU.ActiveCfg = Release|Any CPU
		{A99B2C94-A324-4094-9E1F-92F5910F1394}.Release|Any CPU.Build.0 = Release|Any CPU
		{D954073D-C883-46F5-8447-343CED57C82F}.Debug|Any CPU.ActiveCfg = Debug|Any CPU
		{D954073D-C883-46F5-8447-343CED57C82F}.Debug|Any CPU.Build.0 = Debug|Any CPU
		{D954073D-C883-46F5-8447-343CED57C82F}.Release|Any CPU.ActiveCfg = Release|Any CPU
		{D954073D-C883-46F5-8447-343CED57C82F}.Release|Any CPU.Build.0 = Release|Any CPU
		{FC0098BD-99EC-434F-A871-347CEA7D1135}.Debug|Any CPU.ActiveCfg = Debug|Any CPU
		{FC0098BD-99EC-434F-A871-347CEA7D1135}.Debug|Any CPU.Build.0 = Debug|Any CPU
		{FC0098BD-99EC-434F-A871-347CEA7D1135}.Release|Any CPU.ActiveCfg = Release|Any CPU
		{FC0098BD-99EC-434F-A871-347CEA7D1135}.Release|Any CPU.Build.0 = Release|Any CPU
		{E5B201C4-A667-4676-9657-9ABFD2D4DF41}.Debug|Any CPU.ActiveCfg = Debug|Any CPU
		{E5B201C4-A667-4676-9657-9ABFD2D4DF41}.Debug|Any CPU.Build.0 = Debug|Any CPU
		{E5B201C4-A667-4676-9657-9ABFD2D4DF41}.Release|Any CPU.ActiveCfg = Release|Any CPU
		{E5B201C4-A667-4676-9657-9ABFD2D4DF41}.Release|Any CPU.Build.0 = Release|Any CPU
		{99EA51C4-D4E1-4D19-ADC0-4A8889C85BE7}.Debug|Any CPU.ActiveCfg = Debug|Any CPU
		{99EA51C4-D4E1-4D19-ADC0-4A8889C85BE7}.Debug|Any CPU.Build.0 = Debug|Any CPU
		{99EA51C4-D4E1-4D19-ADC0-4A8889C85BE7}.Release|Any CPU.ActiveCfg = Release|Any CPU
		{99EA51C4-D4E1-4D19-ADC0-4A8889C85BE7}.Release|Any CPU.Build.0 = Release|Any CPU
		{3426FB54-F5A8-43E6-85EC-EB3E93C869ED}.Debug|Any CPU.ActiveCfg = Debug|Any CPU
		{3426FB54-F5A8-43E6-85EC-EB3E93C869ED}.Debug|Any CPU.Build.0 = Debug|Any CPU
		{3426FB54-F5A8-43E6-85EC-EB3E93C869ED}.Release|Any CPU.ActiveCfg = Release|Any CPU
		{3426FB54-F5A8-43E6-85EC-EB3E93C869ED}.Release|Any CPU.Build.0 = Release|Any CPU
		{C7C6A50E-A7E5-41B6-A833-55AA5F19D592}.Debug|Any CPU.ActiveCfg = Debug|Any CPU
		{C7C6A50E-A7E5-41B6-A833-55AA5F19D592}.Debug|Any CPU.Build.0 = Debug|Any CPU
		{C7C6A50E-A7E5-41B6-A833-55AA5F19D592}.Release|Any CPU.ActiveCfg = Release|Any CPU
		{C7C6A50E-A7E5-41B6-A833-55AA5F19D592}.Release|Any CPU.Build.0 = Release|Any CPU
		{B5587078-1572-49CD-B1DE-4E2757D36360}.Debug|Any CPU.ActiveCfg = Debug|Any CPU
		{B5587078-1572-49CD-B1DE-4E2757D36360}.Debug|Any CPU.Build.0 = Debug|Any CPU
		{B5587078-1572-49CD-B1DE-4E2757D36360}.Release|Any CPU.ActiveCfg = Release|Any CPU
		{B5587078-1572-49CD-B1DE-4E2757D36360}.Release|Any CPU.Build.0 = Release|Any CPU
		{AB038629-A920-4D44-BA7B-95363B502872}.Debug|Any CPU.ActiveCfg = Debug|Any CPU
		{AB038629-A920-4D44-BA7B-95363B502872}.Debug|Any CPU.Build.0 = Debug|Any CPU
		{AB038629-A920-4D44-BA7B-95363B502872}.Release|Any CPU.ActiveCfg = Release|Any CPU
		{AB038629-A920-4D44-BA7B-95363B502872}.Release|Any CPU.Build.0 = Release|Any CPU
		{1DA8F86C-8D55-4EC8-B635-0AAD6CF5383B}.Debug|Any CPU.ActiveCfg = Debug|Any CPU
		{1DA8F86C-8D55-4EC8-B635-0AAD6CF5383B}.Debug|Any CPU.Build.0 = Debug|Any CPU
		{1DA8F86C-8D55-4EC8-B635-0AAD6CF5383B}.Release|Any CPU.ActiveCfg = Release|Any CPU
		{1DA8F86C-8D55-4EC8-B635-0AAD6CF5383B}.Release|Any CPU.Build.0 = Release|Any CPU
	EndGlobalSection
	GlobalSection(SolutionProperties) = preSolution
		HideSolutionNode = FALSE
	EndGlobalSection
	GlobalSection(NestedProjects) = preSolution
		{232A7D2D-FC52-4E33-804E-2997D97F5EC2} = {DF82BF24-6D80-4D86-AFFC-5CEBDA474B1C}
		{152AC8B0-96FB-48AF-8D8A-B3A2DDD1DBE2} = {DF82BF24-6D80-4D86-AFFC-5CEBDA474B1C}
		{79B9268B-3AE9-4D8E-A299-AFEE196A3077} = {DF82BF24-6D80-4D86-AFFC-5CEBDA474B1C}
		{572B67DA-36A8-44F0-BD51-3DEE1362559D} = {3FE086C6-C78D-4CD3-A367-1D30ABCFEE37}
		{7E94DCD2-3DFC-42B1-AAB2-BE4F722C8AD9} = {3FE086C6-C78D-4CD3-A367-1D30ABCFEE37}
		{B22D9F49-68B7-47EF-9252-86F0EC7D93D5} = {3FE086C6-C78D-4CD3-A367-1D30ABCFEE37}
		{5D2BD235-ED80-409F-9DF8-29DCACEF1DBD} = {A79D97A0-69ED-496F-BB0C-5DBF06C05493}
		{344CC130-C588-4E34-89C3-24B15939765A} = {A79D97A0-69ED-496F-BB0C-5DBF06C05493}
		{640709D8-9CA7-4233-B429-F5F3F1DCCD67} = {A79D97A0-69ED-496F-BB0C-5DBF06C05493}
		{AE6B1257-7401-49A6-9376-DB814A1CC273} = {3C1856B0-CA96-49F2-8DF2-3342ACF76F84}
		{54CDF706-E44D-4CBB-BA3E-4709123A6560} = {3C1856B0-CA96-49F2-8DF2-3342ACF76F84}
		{A427A068-1188-4B1E-8D96-13D96360B312} = {3C1856B0-CA96-49F2-8DF2-3342ACF76F84}
		{9626F097-DAA6-44FB-8729-C7878D0D926B} = {4022B560-A85D-4B08-8E0F-0259DEB08B5A}
		{D0EB81D3-0949-46E0-8E89-79D3113CDE34} = {4022B560-A85D-4B08-8E0F-0259DEB08B5A}
		{A99B2C94-A324-4094-9E1F-92F5910F1394} = {4022B560-A85D-4B08-8E0F-0259DEB08B5A}
		{D954073D-C883-46F5-8447-343CED57C82F} = {7655F1D6-E5DC-4427-BD8B-9B5DD58FF6F1}
		{FC0098BD-99EC-434F-A871-347CEA7D1135} = {7655F1D6-E5DC-4427-BD8B-9B5DD58FF6F1}
		{E5B201C4-A667-4676-9657-9ABFD2D4DF41} = {7655F1D6-E5DC-4427-BD8B-9B5DD58FF6F1}
		{99EA51C4-D4E1-4D19-ADC0-4A8889C85BE7} = {7D0379AF-83E7-4884-A012-71CF3304304A}
		{3426FB54-F5A8-43E6-85EC-EB3E93C869ED} = {7D0379AF-83E7-4884-A012-71CF3304304A}
		{C7C6A50E-A7E5-41B6-A833-55AA5F19D592} = {7D0379AF-83E7-4884-A012-71CF3304304A}
		{B5587078-1572-49CD-B1DE-4E2757D36360} = {B87AE1EA-C1F1-4475-A18B-2462E3FA9737}
		{AB038629-A920-4D44-BA7B-95363B502872} = {B87AE1EA-C1F1-4475-A18B-2462E3FA9737}
		{1DA8F86C-8D55-4EC8-B635-0AAD6CF5383B} = {B87AE1EA-C1F1-4475-A18B-2462E3FA9737}
	EndGlobalSection
	GlobalSection(ExtensibilityGlobals) = postSolution
		SolutionGuid = {D077DC6D-5095-450B-A72C-200AD40F9C42}
	EndGlobalSection
EndGlobal
